{
  "version": 4,
  "terraform_version": "0.12.28",
  "serial": 60,
  "lineage": "fa77407f-87d2-7471-14b2-a60f643813f5",
  "outputs": {
    "dev_web_arn": {
      "value": [],
      "type": [
        "tuple",
        []
      ]
    }
  },
  "resources": [
    {
      "mode": "managed",
      "type": "aws_instance",
      "name": "dev_web",
      "each": "list",
      "provider": "provider.aws",
      "instances": []
    },
    {
      "mode": "managed",
      "type": "aws_instance",
      "name": "staging_web",
      "each": "list",
      "provider": "provider.aws",
      "instances": [
        {
          "index_key": 0,
          "schema_version": 1,
          "attributes": {
            "ami": "ami-00f6a0c18edb19300",
            "arn": "arn:aws:ec2:eu-west-2:954538233609:instance/i-0853d624a05ab579b",
            "associate_public_ip_address": true,
            "availability_zone": "eu-west-2b",
            "cpu_core_count": 1,
            "cpu_threads_per_core": 1,
            "credit_specification": [
              {
                "cpu_credits": "standard"
              }
            ],
            "disable_api_termination": false,
            "ebs_block_device": [],
            "ebs_optimized": false,
            "ephemeral_block_device": [],
            "get_password_data": false,
            "hibernation": false,
            "host_id": null,
            "iam_instance_profile": "",
            "id": "i-0853d624a05ab579b",
            "instance_initiated_shutdown_behavior": null,
            "instance_state": "running",
            "instance_type": "t2.nano",
            "ipv6_address_count": 0,
            "ipv6_addresses": [],
            "key_name": "dev_key_pair",
            "metadata_options": [
              {
                "http_endpoint": "enabled",
                "http_put_response_hop_limit": 1,
                "http_tokens": "optional"
              }
            ],
            "monitoring": false,
            "network_interface": [],
            "network_interface_id": null,
            "outpost_arn": "",
            "password_data": "",
            "placement_group": "",
            "primary_network_interface_id": "eni-0b0498ca2e1577aac",
            "private_dns": "ip-172-31-45-163.eu-west-2.compute.internal",
            "private_ip": "172.31.45.163",
            "public_dns": "ec2-18-130-228-131.eu-west-2.compute.amazonaws.com",
            "public_ip": "18.130.228.131",
            "root_block_device": [
              {
                "delete_on_termination": true,
                "device_name": "/dev/sda1",
                "encrypted": false,
                "iops": 100,
                "kms_key_id": "",
                "volume_id": "vol-0ce3e7014615c8d46",
                "volume_size": 8,
                "volume_type": "gp2"
              }
            ],
            "security_groups": [
              "default"
            ],
            "source_dest_check": true,
            "subnet_id": "subnet-6502ea29",
            "tags": {
              "Environment": "staging",
              "Name": "staging_web-0",
              "Ownership": "DevOps"
            },
            "tenancy": "default",
            "timeouts": null,
            "user_data": null,
            "user_data_base64": null,
            "volume_tags": {},
            "vpc_security_group_ids": [
              "sg-91d414fb"
            ]
          },
          "private": "eyJlMmJmYjczMC1lY2FhLTExZTYtOGY4OC0zNDM2M2JjN2M0YzAiOnsiY3JlYXRlIjo2MDAwMDAwMDAwMDAsImRlbGV0ZSI6MTIwMDAwMDAwMDAwMCwidXBkYXRlIjo2MDAwMDAwMDAwMDB9LCJzY2hlbWFfdmVyc2lvbiI6IjEifQ==",
          "dependencies": [
            "aws_key_pair.key_pair"
          ]
        },
        {
          "index_key": 1,
          "schema_version": 1,
          "attributes": {
            "ami": "ami-00f6a0c18edb19300",
            "arn": "arn:aws:ec2:eu-west-2:954538233609:instance/i-0797f81a81dd08839",
            "associate_public_ip_address": true,
            "availability_zone": "eu-west-2b",
            "cpu_core_count": 1,
            "cpu_threads_per_core": 1,
            "credit_specification": [
              {
                "cpu_credits": "standard"
              }
            ],
            "disable_api_termination": false,
            "ebs_block_device": [],
            "ebs_optimized": false,
            "ephemeral_block_device": [],
            "get_password_data": false,
            "hibernation": false,
            "host_id": null,
            "iam_instance_profile": "",
            "id": "i-0797f81a81dd08839",
            "instance_initiated_shutdown_behavior": null,
            "instance_state": "running",
            "instance_type": "t2.nano",
            "ipv6_address_count": 0,
            "ipv6_addresses": [],
            "key_name": "dev_key_pair",
            "metadata_options": [
              {
                "http_endpoint": "enabled",
                "http_put_response_hop_limit": 1,
                "http_tokens": "optional"
              }
            ],
            "monitoring": false,
            "network_interface": [],
            "network_interface_id": null,
            "outpost_arn": "",
            "password_data": "",
            "placement_group": "",
            "primary_network_interface_id": "eni-02f05a6de57e9af04",
            "private_dns": "ip-172-31-43-229.eu-west-2.compute.internal",
            "private_ip": "172.31.43.229",
            "public_dns": "ec2-3-10-206-149.eu-west-2.compute.amazonaws.com",
            "public_ip": "3.10.206.149",
            "root_block_device": [
              {
                "delete_on_termination": true,
                "device_name": "/dev/sda1",
                "encrypted": false,
                "iops": 100,
                "kms_key_id": "",
                "volume_id": "vol-08bfb8b02f92e8e76",
                "volume_size": 8,
                "volume_type": "gp2"
              }
            ],
            "security_groups": [
              "default"
            ],
            "source_dest_check": true,
            "subnet_id": "subnet-6502ea29",
            "tags": {
              "Environment": "staging",
              "Name": "staging_api-1",
              "Ownership": "DevOps"
            },
            "tenancy": "default",
            "timeouts": null,
            "user_data": null,
            "user_data_base64": null,
            "volume_tags": {},
            "vpc_security_group_ids": [
              "sg-91d414fb"
            ]
          },
          "private": "eyJlMmJmYjczMC1lY2FhLTExZTYtOGY4OC0zNDM2M2JjN2M0YzAiOnsiY3JlYXRlIjo2MDAwMDAwMDAwMDAsImRlbGV0ZSI6MTIwMDAwMDAwMDAwMCwidXBkYXRlIjo2MDAwMDAwMDAwMDB9LCJzY2hlbWFfdmVyc2lvbiI6IjEifQ==",
          "dependencies": [
            "aws_key_pair.key_pair"
          ]
        }
      ]
    },
    {
      "mode": "managed",
      "type": "aws_key_pair",
      "name": "key_pair",
      "provider": "provider.aws",
      "instances": [
        {
          "schema_version": 1,
          "attributes": {
            "arn": "arn:aws:ec2:eu-west-2:954538233609:key-pair/dev_key_pair",
            "fingerprint": "a6:18:d0:e4:72:ec:14:18:ec:40:66:8b:47:2d:7c:b1",
            "id": "dev_key_pair",
            "key_name": "dev_key_pair",
            "key_name_prefix": null,
            "key_pair_id": "key-0277be72c2bb613bf",
            "public_key": "ssh-rsa AAAAB3NzaC1yc2EAAAADAQABAAABgQDmyGsaTDMryEhmyG+XyR5z7BtxGafAAOzPPEeK8upAT8QTQSXQUN7JVZhx92k0UbZ55L6eIhJrATIJfuNBlmkaob3yvKH7WyEyVNnCT4MnOJ5jDVs8cL/R5Uk1RZHbDivvY0FdTsc8UZQSbWS2sieiWsL2ZuqCJfFNmWtC7pxqSyD0AXzuh8802JoY1tLPDUuKpbcqTrao+ESxYIBvy1vIJ0l4qEbnCLZiyQJLAKWwfQfYI85HN1vRwQg6MSbCTB706+5LRX8J00EBUBBJEk47U4bBQ5Zb+hCmp6eV0b4xJAq3itpUh/YT5LK1lFGCO9MZjW6ch0g5xoh3nJSkQSGgbxmmo5DDkuIGvr33PA7JOEn4h14YQQt4hY/gLKENVXUqfA6m86CbvBvGM5fclTh74kcuPozO3VFtGytYhIb0dmR1V6pKH1bqR98DW98i+nqw37GCuq5Mp7QpoUrLDPfYraA3uZAocDykVhAGE3ANEWJd0Oint7mnl/tWPco6bWs= me@Tobis-Air",
            "tags": null
          },
          "private": "eyJzY2hlbWFfdmVyc2lvbiI6IjEifQ=="
        }
      ]
    }
  ]
}
